// !$*UTF8*$!
{
	archiveVersion = 1;
	classes = {
	};
	objectVersion = 48;
	objects = {

/* Begin PBXBuildFile section */
		553614A4201C4BCC00A839BF /* AppDelegate.swift in Sources */ = {isa = PBXBuildFile; fileRef = 553614A3201C4BCC00A839BF /* AppDelegate.swift */; };
		553614A6201C4BCC00A839BF /* ViewController.swift in Sources */ = {isa = PBXBuildFile; fileRef = 553614A5201C4BCC00A839BF /* ViewController.swift */; };
		553614A9201C4BCC00A839BF /* Main.storyboard in Resources */ = {isa = PBXBuildFile; fileRef = 553614A7201C4BCC00A839BF /* Main.storyboard */; };
		553614AB201C4BCC00A839BF /* Assets.xcassets in Resources */ = {isa = PBXBuildFile; fileRef = 553614AA201C4BCC00A839BF /* Assets.xcassets */; };
		553614AE201C4BCC00A839BF /* LaunchScreen.storyboard in Resources */ = {isa = PBXBuildFile; fileRef = 553614AC201C4BCC00A839BF /* LaunchScreen.storyboard */; };
		553614B9201C4BCC00A839BF /* WeatherTests.swift in Sources */ = {isa = PBXBuildFile; fileRef = 553614B8201C4BCC00A839BF /* WeatherTests.swift */; };
		553614C4201C4BCC00A839BF /* WeatherUITests.swift in Sources */ = {isa = PBXBuildFile; fileRef = 553614C3201C4BCC00A839BF /* WeatherUITests.swift */; };
		553614D5201C654200A839BF /* R.generated.swift in Sources */ = {isa = PBXBuildFile; fileRef = 553614D4201C654200A839BF /* R.generated.swift */; };
		553614DA201C65AE00A839BF /* Home.storyboard in Resources */ = {isa = PBXBuildFile; fileRef = 553614D9201C65AE00A839BF /* Home.storyboard */; };
		5EE0582709ED3F9C01A4F781 /* Pods_WeatherTests.framework in Frameworks */ = {isa = PBXBuildFile; fileRef = 4E2DFCF25A2C0336F302F2FA /* Pods_WeatherTests.framework */; };
		67551709FD9E174D52E63C49 /* Pods_WeatherUITests.framework in Frameworks */ = {isa = PBXBuildFile; fileRef = DAC8B7CAC8E40B11FB66FE31 /* Pods_WeatherUITests.framework */; };
		E60B3F5C058C52FCDDCAC1A8 /* Pods_Weather.framework in Frameworks */ = {isa = PBXBuildFile; fileRef = 54D836198608E85BD7ECE33A /* Pods_Weather.framework */; };
/* End PBXBuildFile section */

/* Begin PBXContainerItemProxy section */
		553614B5201C4BCC00A839BF /* PBXContainerItemProxy */ = {
			isa = PBXContainerItemProxy;
			containerPortal = 55361498201C4BCC00A839BF /* Project object */;
			proxyType = 1;
			remoteGlobalIDString = 5536149F201C4BCC00A839BF;
			remoteInfo = Weather;
		};
		553614C0201C4BCC00A839BF /* PBXContainerItemProxy */ = {
			isa = PBXContainerItemProxy;
			containerPortal = 55361498201C4BCC00A839BF /* Project object */;
			proxyType = 1;
			remoteGlobalIDString = 5536149F201C4BCC00A839BF;
			remoteInfo = Weather;
		};
/* End PBXContainerItemProxy section */

/* Begin PBXFileReference section */
		11CF318B5458BA8642A2F89E /* Pods-WeatherTests.debug.xcconfig */ = {isa = PBXFileReference; includeInIndex = 1; lastKnownFileType = text.xcconfig; name = "Pods-WeatherTests.debug.xcconfig"; path = "Pods/Target Support Files/Pods-WeatherTests/Pods-WeatherTests.debug.xcconfig"; sourceTree = "<group>"; };
		24B10230B408BD29ADE87E20 /* Pods-Weather.debug.xcconfig */ = {isa = PBXFileReference; includeInIndex = 1; lastKnownFileType = text.xcconfig; name = "Pods-Weather.debug.xcconfig"; path = "Pods/Target Support Files/Pods-Weather/Pods-Weather.debug.xcconfig"; sourceTree = "<group>"; };
		384C60ECF2CEBBEBFAE83FE0 /* Pods-WeatherUITests.release.xcconfig */ = {isa = PBXFileReference; includeInIndex = 1; lastKnownFileType = text.xcconfig; name = "Pods-WeatherUITests.release.xcconfig"; path = "Pods/Target Support Files/Pods-WeatherUITests/Pods-WeatherUITests.release.xcconfig"; sourceTree = "<group>"; };
		39ABD39BEECE2137DE738AE4 /* Pods-WeatherTests.release.xcconfig */ = {isa = PBXFileReference; includeInIndex = 1; lastKnownFileType = text.xcconfig; name = "Pods-WeatherTests.release.xcconfig"; path = "Pods/Target Support Files/Pods-WeatherTests/Pods-WeatherTests.release.xcconfig"; sourceTree = "<group>"; };
		4E2DFCF25A2C0336F302F2FA /* Pods_WeatherTests.framework */ = {isa = PBXFileReference; explicitFileType = wrapper.framework; includeInIndex = 0; path = Pods_WeatherTests.framework; sourceTree = BUILT_PRODUCTS_DIR; };
		54D836198608E85BD7ECE33A /* Pods_Weather.framework */ = {isa = PBXFileReference; explicitFileType = wrapper.framework; includeInIndex = 0; path = Pods_Weather.framework; sourceTree = BUILT_PRODUCTS_DIR; };
		553614A0201C4BCC00A839BF /* Weather.app */ = {isa = PBXFileReference; explicitFileType = wrapper.application; includeInIndex = 0; path = Weather.app; sourceTree = BUILT_PRODUCTS_DIR; };
		553614A3201C4BCC00A839BF /* AppDelegate.swift */ = {isa = PBXFileReference; lastKnownFileType = sourcecode.swift; path = AppDelegate.swift; sourceTree = "<group>"; };
		553614A5201C4BCC00A839BF /* ViewController.swift */ = {isa = PBXFileReference; lastKnownFileType = sourcecode.swift; path = ViewController.swift; sourceTree = "<group>"; };
		553614A8201C4BCC00A839BF /* Base */ = {isa = PBXFileReference; lastKnownFileType = file.storyboard; name = Base; path = Base.lproj/Main.storyboard; sourceTree = "<group>"; };
		553614AA201C4BCC00A839BF /* Assets.xcassets */ = {isa = PBXFileReference; lastKnownFileType = folder.assetcatalog; path = Assets.xcassets; sourceTree = "<group>"; };
		553614AD201C4BCC00A839BF /* Base */ = {isa = PBXFileReference; lastKnownFileType = file.storyboard; name = Base; path = Base.lproj/LaunchScreen.storyboard; sourceTree = "<group>"; };
		553614AF201C4BCC00A839BF /* Info.plist */ = {isa = PBXFileReference; lastKnownFileType = text.plist.xml; path = Info.plist; sourceTree = "<group>"; };
		553614B4201C4BCC00A839BF /* WeatherTests.xctest */ = {isa = PBXFileReference; explicitFileType = wrapper.cfbundle; includeInIndex = 0; path = WeatherTests.xctest; sourceTree = BUILT_PRODUCTS_DIR; };
		553614B8201C4BCC00A839BF /* WeatherTests.swift */ = {isa = PBXFileReference; lastKnownFileType = sourcecode.swift; path = WeatherTests.swift; sourceTree = "<group>"; };
		553614BA201C4BCC00A839BF /* Info.plist */ = {isa = PBXFileReference; lastKnownFileType = text.plist.xml; path = Info.plist; sourceTree = "<group>"; };
		553614BF201C4BCC00A839BF /* WeatherUITests.xctest */ = {isa = PBXFileReference; explicitFileType = wrapper.cfbundle; includeInIndex = 0; path = WeatherUITests.xctest; sourceTree = BUILT_PRODUCTS_DIR; };
		553614C3201C4BCC00A839BF /* WeatherUITests.swift */ = {isa = PBXFileReference; lastKnownFileType = sourcecode.swift; path = WeatherUITests.swift; sourceTree = "<group>"; };
		553614C5201C4BCC00A839BF /* Info.plist */ = {isa = PBXFileReference; lastKnownFileType = text.plist.xml; path = Info.plist; sourceTree = "<group>"; };
		553614D4201C654200A839BF /* R.generated.swift */ = {isa = PBXFileReference; fileEncoding = 4; lastKnownFileType = sourcecode.swift; path = R.generated.swift; sourceTree = "<group>"; };
		553614D9201C65AE00A839BF /* Home.storyboard */ = {isa = PBXFileReference; lastKnownFileType = file.storyboard; path = Home.storyboard; sourceTree = "<group>"; };
		AE64938A98278C9E00A80673 /* Pods-Weather.release.xcconfig */ = {isa = PBXFileReference; includeInIndex = 1; lastKnownFileType = text.xcconfig; name = "Pods-Weather.release.xcconfig"; path = "Pods/Target Support Files/Pods-Weather/Pods-Weather.release.xcconfig"; sourceTree = "<group>"; };
		CFB597D07F82BA62B3380088 /* Pods-WeatherUITests.debug.xcconfig */ = {isa = PBXFileReference; includeInIndex = 1; lastKnownFileType = text.xcconfig; name = "Pods-WeatherUITests.debug.xcconfig"; path = "Pods/Target Support Files/Pods-WeatherUITests/Pods-WeatherUITests.debug.xcconfig"; sourceTree = "<group>"; };
		DAC8B7CAC8E40B11FB66FE31 /* Pods_WeatherUITests.framework */ = {isa = PBXFileReference; explicitFileType = wrapper.framework; includeInIndex = 0; path = Pods_WeatherUITests.framework; sourceTree = BUILT_PRODUCTS_DIR; };
/* End PBXFileReference section */

/* Begin PBXFrameworksBuildPhase section */
		5536149D201C4BCC00A839BF /* Frameworks */ = {
			isa = PBXFrameworksBuildPhase;
			buildActionMask = 2147483647;
			files = (
				E60B3F5C058C52FCDDCAC1A8 /* Pods_Weather.framework in Frameworks */,
			);
			runOnlyForDeploymentPostprocessing = 0;
		};
		553614B1201C4BCC00A839BF /* Frameworks */ = {
			isa = PBXFrameworksBuildPhase;
			buildActionMask = 2147483647;
			files = (
				5EE0582709ED3F9C01A4F781 /* Pods_WeatherTests.framework in Frameworks */,
			);
			runOnlyForDeploymentPostprocessing = 0;
		};
		553614BC201C4BCC00A839BF /* Frameworks */ = {
			isa = PBXFrameworksBuildPhase;
			buildActionMask = 2147483647;
			files = (
				67551709FD9E174D52E63C49 /* Pods_WeatherUITests.framework in Frameworks */,
			);
			runOnlyForDeploymentPostprocessing = 0;
		};
/* End PBXFrameworksBuildPhase section */

/* Begin PBXGroup section */
		2D66A9BEB0A6D430CC5EB439 /* Pods */ = {
			isa = PBXGroup;
			children = (
				24B10230B408BD29ADE87E20 /* Pods-Weather.debug.xcconfig */,
				AE64938A98278C9E00A80673 /* Pods-Weather.release.xcconfig */,
				11CF318B5458BA8642A2F89E /* Pods-WeatherTests.debug.xcconfig */,
				39ABD39BEECE2137DE738AE4 /* Pods-WeatherTests.release.xcconfig */,
				CFB597D07F82BA62B3380088 /* Pods-WeatherUITests.debug.xcconfig */,
				384C60ECF2CEBBEBFAE83FE0 /* Pods-WeatherUITests.release.xcconfig */,
			);
			name = Pods;
			sourceTree = "<group>";
		};
		55361497201C4BCC00A839BF = {
			isa = PBXGroup;
			children = (
				553614A2201C4BCC00A839BF /* Weather */,
				553614B7201C4BCC00A839BF /* WeatherTests */,
				553614C2201C4BCC00A839BF /* WeatherUITests */,
				553614A1201C4BCC00A839BF /* Products */,
				2D66A9BEB0A6D430CC5EB439 /* Pods */,
				578393930462FB7608EC9120 /* Frameworks */,
			);
			sourceTree = "<group>";
		};
		553614A1201C4BCC00A839BF /* Products */ = {
			isa = PBXGroup;
			children = (
				553614A0201C4BCC00A839BF /* Weather.app */,
				553614B4201C4BCC00A839BF /* WeatherTests.xctest */,
				553614BF201C4BCC00A839BF /* WeatherUITests.xctest */,
			);
			name = Products;
			sourceTree = "<group>";
		};
		553614A2201C4BCC00A839BF /* Weather */ = {
			isa = PBXGroup;
			children = (
				553614D3201C606A00A839BF /* UI */,
				553614D2201C5FF800A839BF /* Resources */,
				553614A3201C4BCC00A839BF /* AppDelegate.swift */,
				553614A5201C4BCC00A839BF /* ViewController.swift */,
				553614A7201C4BCC00A839BF /* Main.storyboard */,
				553614AA201C4BCC00A839BF /* Assets.xcassets */,
				553614AC201C4BCC00A839BF /* LaunchScreen.storyboard */,
				553614AF201C4BCC00A839BF /* Info.plist */,
			);
			path = Weather;
			sourceTree = "<group>";
		};
		553614B7201C4BCC00A839BF /* WeatherTests */ = {
			isa = PBXGroup;
			children = (
				553614B8201C4BCC00A839BF /* WeatherTests.swift */,
				553614BA201C4BCC00A839BF /* Info.plist */,
			);
			path = WeatherTests;
			sourceTree = "<group>";
		};
		553614C2201C4BCC00A839BF /* WeatherUITests */ = {
			isa = PBXGroup;
			children = (
				553614C3201C4BCC00A839BF /* WeatherUITests.swift */,
				553614C5201C4BCC00A839BF /* Info.plist */,
			);
			path = WeatherUITests;
			sourceTree = "<group>";
		};
		553614D2201C5FF800A839BF /* Resources */ = {
			isa = PBXGroup;
			children = (
				553614D4201C654200A839BF /* R.generated.swift */,
			);
			path = Resources;
			sourceTree = "<group>";
		};
		553614D3201C606A00A839BF /* UI */ = {
			isa = PBXGroup;
			children = (
				553614D8201C657D00A839BF /* StoryBoards */,
				553614D7201C656500A839BF /* Views */,
				553614D6201C655A00A839BF /* Controllers */,
			);
			path = UI;
			sourceTree = "<group>";
		};
		553614D6201C655A00A839BF /* Controllers */ = {
			isa = PBXGroup;
			children = (
			);
			path = Controllers;
			sourceTree = "<group>";
		};
		553614D7201C656500A839BF /* Views */ = {
			isa = PBXGroup;
			children = (
			);
			path = Views;
			sourceTree = "<group>";
		};
		553614D8201C657D00A839BF /* StoryBoards */ = {
			isa = PBXGroup;
			children = (
				553614D9201C65AE00A839BF /* Home.storyboard */,
			);
			path = StoryBoards;
			sourceTree = "<group>";
		};
		578393930462FB7608EC9120 /* Frameworks */ = {
			isa = PBXGroup;
			children = (
				54D836198608E85BD7ECE33A /* Pods_Weather.framework */,
				4E2DFCF25A2C0336F302F2FA /* Pods_WeatherTests.framework */,
				DAC8B7CAC8E40B11FB66FE31 /* Pods_WeatherUITests.framework */,
			);
			name = Frameworks;
			sourceTree = "<group>";
		};
/* End PBXGroup section */

/* Begin PBXNativeTarget section */
		5536149F201C4BCC00A839BF /* Weather */ = {
			isa = PBXNativeTarget;
			buildConfigurationList = 553614C8201C4BCC00A839BF /* Build configuration list for PBXNativeTarget "Weather" */;
			buildPhases = (
				16A3D5E490C74936C8ED8A0D /* [CP] Check Pods Manifest.lock */,
				553614D1201C5BFA00A839BF /* ShellScript */,
				5536149C201C4BCC00A839BF /* Sources */,
				5536149D201C4BCC00A839BF /* Frameworks */,
				5536149E201C4BCC00A839BF /* Resources */,
				484E7E66F1BA0885C051F674 /* [CP] Embed Pods Frameworks */,
				4B2DA07AA2F75DAFF215DB1D /* [CP] Copy Pods Resources */,
			);
			buildRules = (
			);
			dependencies = (
			);
			name = Weather;
			productName = Weather;
			productReference = 553614A0201C4BCC00A839BF /* Weather.app */;
			productType = "com.apple.product-type.application";
		};
		553614B3201C4BCC00A839BF /* WeatherTests */ = {
			isa = PBXNativeTarget;
			buildConfigurationList = 553614CB201C4BCC00A839BF /* Build configuration list for PBXNativeTarget "WeatherTests" */;
			buildPhases = (
				E49D79A99D6A3CD5F775D9EF /* [CP] Check Pods Manifest.lock */,
				553614B0201C4BCC00A839BF /* Sources */,
				553614B1201C4BCC00A839BF /* Frameworks */,
				553614B2201C4BCC00A839BF /* Resources */,
				243129C687985ABB75F3C39D /* [CP] Embed Pods Frameworks */,
				16CE2DF8ED6DAE663C2000CE /* [CP] Copy Pods Resources */,
			);
			buildRules = (
			);
			dependencies = (
				553614B6201C4BCC00A839BF /* PBXTargetDependency */,
			);
			name = WeatherTests;
			productName = WeatherTests;
			productReference = 553614B4201C4BCC00A839BF /* WeatherTests.xctest */;
			productType = "com.apple.product-type.bundle.unit-test";
		};
		553614BE201C4BCC00A839BF /* WeatherUITests */ = {
			isa = PBXNativeTarget;
			buildConfigurationList = 553614CE201C4BCC00A839BF /* Build configuration list for PBXNativeTarget "WeatherUITests" */;
			buildPhases = (
				F2373145C8185DDD0F63AE13 /* [CP] Check Pods Manifest.lock */,
				553614BB201C4BCC00A839BF /* Sources */,
				553614BC201C4BCC00A839BF /* Frameworks */,
				553614BD201C4BCC00A839BF /* Resources */,
				B5840FAB92FFC22A3D943094 /* [CP] Embed Pods Frameworks */,
				1AADB4F8E1656ECA26AECF69 /* [CP] Copy Pods Resources */,
			);
			buildRules = (
			);
			dependencies = (
				553614C1201C4BCC00A839BF /* PBXTargetDependency */,
			);
			name = WeatherUITests;
			productName = WeatherUITests;
			productReference = 553614BF201C4BCC00A839BF /* WeatherUITests.xctest */;
			productType = "com.apple.product-type.bundle.ui-testing";
		};
/* End PBXNativeTarget section */

/* Begin PBXProject section */
		55361498201C4BCC00A839BF /* Project object */ = {
			isa = PBXProject;
			attributes = {
				LastSwiftUpdateCheck = 0920;
				LastUpgradeCheck = 0920;
				ORGANIZATIONNAME = iMac;
				TargetAttributes = {
					5536149F201C4BCC00A839BF = {
						CreatedOnToolsVersion = 9.2;
						ProvisioningStyle = Automatic;
					};
					553614B3201C4BCC00A839BF = {
						CreatedOnToolsVersion = 9.2;
						ProvisioningStyle = Automatic;
						TestTargetID = 5536149F201C4BCC00A839BF;
					};
					553614BE201C4BCC00A839BF = {
						CreatedOnToolsVersion = 9.2;
						ProvisioningStyle = Automatic;
						TestTargetID = 5536149F201C4BCC00A839BF;
					};
				};
			};
			buildConfigurationList = 5536149B201C4BCC00A839BF /* Build configuration list for PBXProject "Weather" */;
			compatibilityVersion = "Xcode 8.0";
			developmentRegion = en;
			hasScannedForEncodings = 0;
			knownRegions = (
				en,
				Base,
			);
			mainGroup = 55361497201C4BCC00A839BF;
			productRefGroup = 553614A1201C4BCC00A839BF /* Products */;
			projectDirPath = "";
			projectRoot = "";
			targets = (
				5536149F201C4BCC00A839BF /* Weather */,
				553614B3201C4BCC00A839BF /* WeatherTests */,
				553614BE201C4BCC00A839BF /* WeatherUITests */,
			);
		};
/* End PBXProject section */

/* Begin PBXResourcesBuildPhase section */
		5536149E201C4BCC00A839BF /* Resources */ = {
			isa = PBXResourcesBuildPhase;
			buildActionMask = 2147483647;
			files = (
				553614AE201C4BCC00A839BF /* LaunchScreen.storyboard in Resources */,
				553614AB201C4BCC00A839BF /* Assets.xcassets in Resources */,
				553614A9201C4BCC00A839BF /* Main.storyboard in Resources */,
				553614DA201C65AE00A839BF /* Home.storyboard in Resources */,
			);
			runOnlyForDeploymentPostprocessing = 0;
		};
		553614B2201C4BCC00A839BF /* Resources */ = {
			isa = PBXResourcesBuildPhase;
			buildActionMask = 2147483647;
			files = (
			);
			runOnlyForDeploymentPostprocessing = 0;
		};
		553614BD201C4BCC00A839BF /* Resources */ = {
			isa = PBXResourcesBuildPhase;
			buildActionMask = 2147483647;
			files = (
			);
			runOnlyForDeploymentPostprocessing = 0;
		};
/* End PBXResourcesBuildPhase section */

/* Begin PBXShellScriptBuildPhase section */
		16A3D5E490C74936C8ED8A0D /* [CP] Check Pods Manifest.lock */ = {
			isa = PBXShellScriptBuildPhase;
			buildActionMask = 2147483647;
			files = (
			);
			inputPaths = (
				"${PODS_PODFILE_DIR_PATH}/Podfile.lock",
				"${PODS_ROOT}/Manifest.lock",
			);
			name = "[CP] Check Pods Manifest.lock";
			outputPaths = (
				"$(DERIVED_FILE_DIR)/Pods-Weather-checkManifestLockResult.txt",
			);
			runOnlyForDeploymentPostprocessing = 0;
			shellPath = /bin/sh;
			shellScript = "diff \"${PODS_PODFILE_DIR_PATH}/Podfile.lock\" \"${PODS_ROOT}/Manifest.lock\" > /dev/null\nif [ $? != 0 ] ; then\n    # print error to STDERR\n    echo \"error: The sandbox is not in sync with the Podfile.lock. Run 'pod install' or update your CocoaPods installation.\" >&2\n    exit 1\nfi\n# This output is used by Xcode 'outputs' to avoid re-running this script phase.\necho \"SUCCESS\" > \"${SCRIPT_OUTPUT_FILE_0}\"\n";
			showEnvVarsInLog = 0;
		};
		16CE2DF8ED6DAE663C2000CE /* [CP] Copy Pods Resources */ = {
			isa = PBXShellScriptBuildPhase;
			buildActionMask = 2147483647;
			files = (
			);
			inputPaths = (
			);
			name = "[CP] Copy Pods Resources";
			outputPaths = (
			);
			runOnlyForDeploymentPostprocessing = 0;
			shellPath = /bin/sh;
			shellScript = "\"${SRCROOT}/Pods/Target Support Files/Pods-WeatherTests/Pods-WeatherTests-resources.sh\"\n";
			showEnvVarsInLog = 0;
		};
		1AADB4F8E1656ECA26AECF69 /* [CP] Copy Pods Resources */ = {
			isa = PBXShellScriptBuildPhase;
			buildActionMask = 2147483647;
			files = (
			);
			inputPaths = (
			);
			name = "[CP] Copy Pods Resources";
			outputPaths = (
			);
			runOnlyForDeploymentPostprocessing = 0;
			shellPath = /bin/sh;
			shellScript = "\"${SRCROOT}/Pods/Target Support Files/Pods-WeatherUITests/Pods-WeatherUITests-resources.sh\"\n";
			showEnvVarsInLog = 0;
		};
		243129C687985ABB75F3C39D /* [CP] Embed Pods Frameworks */ = {
			isa = PBXShellScriptBuildPhase;
			buildActionMask = 2147483647;
			files = (
			);
			inputPaths = (
				"${SRCROOT}/Pods/Target Support Files/Pods-WeatherTests/Pods-WeatherTests-frameworks.sh",
				"${BUILT_PRODUCTS_DIR}/RxSwift/RxSwift.framework",
				"${BUILT_PRODUCTS_DIR}/RxBlocking/RxBlocking.framework",
				"${BUILT_PRODUCTS_DIR}/RxTest/RxTest.framework",
			);
			name = "[CP] Embed Pods Frameworks";
			outputPaths = (
				"${TARGET_BUILD_DIR}/${FRAMEWORKS_FOLDER_PATH}/RxSwift.framework",
				"${TARGET_BUILD_DIR}/${FRAMEWORKS_FOLDER_PATH}/RxBlocking.framework",
				"${TARGET_BUILD_DIR}/${FRAMEWORKS_FOLDER_PATH}/RxTest.framework",
			);
			runOnlyForDeploymentPostprocessing = 0;
			shellPath = /bin/sh;
			shellScript = "\"${SRCROOT}/Pods/Target Support Files/Pods-WeatherTests/Pods-WeatherTests-frameworks.sh\"\n";
			showEnvVarsInLog = 0;
		};
		484E7E66F1BA0885C051F674 /* [CP] Embed Pods Frameworks */ = {
			isa = PBXShellScriptBuildPhase;
			buildActionMask = 2147483647;
			files = (
			);
			inputPaths = (
				"${SRCROOT}/Pods/Target Support Files/Pods-Weather/Pods-Weather-frameworks.sh",
				"${BUILT_PRODUCTS_DIR}/Alamofire/Alamofire.framework",
				"${BUILT_PRODUCTS_DIR}/R.swift.Library/Rswift.framework",
				"${BUILT_PRODUCTS_DIR}/RxCocoa/RxCocoa.framework",
				"${BUILT_PRODUCTS_DIR}/RxSwift/RxSwift.framework",
				"${BUILT_PRODUCTS_DIR}/SnapKit/SnapKit.framework",
			);
			name = "[CP] Embed Pods Frameworks";
			outputPaths = (
				"${TARGET_BUILD_DIR}/${FRAMEWORKS_FOLDER_PATH}/Alamofire.framework",
				"${TARGET_BUILD_DIR}/${FRAMEWORKS_FOLDER_PATH}/Rswift.framework",
				"${TARGET_BUILD_DIR}/${FRAMEWORKS_FOLDER_PATH}/RxCocoa.framework",
				"${TARGET_BUILD_DIR}/${FRAMEWORKS_FOLDER_PATH}/RxSwift.framework",
				"${TARGET_BUILD_DIR}/${FRAMEWORKS_FOLDER_PATH}/SnapKit.framework",
			);
			runOnlyForDeploymentPostprocessing = 0;
			shellPath = /bin/sh;
			shellScript = "\"${SRCROOT}/Pods/Target Support Files/Pods-Weather/Pods-Weather-frameworks.sh\"\n";
			showEnvVarsInLog = 0;
		};
		4B2DA07AA2F75DAFF215DB1D /* [CP] Copy Pods Resources */ = {
			isa = PBXShellScriptBuildPhase;
			buildActionMask = 2147483647;
			files = (
			);
			inputPaths = (
			);
			name = "[CP] Copy Pods Resources";
			outputPaths = (
			);
			runOnlyForDeploymentPostprocessing = 0;
			shellPath = /bin/sh;
			shellScript = "\"${SRCROOT}/Pods/Target Support Files/Pods-Weather/Pods-Weather-resources.sh\"\n";
			showEnvVarsInLog = 0;
		};
		553614D1201C5BFA00A839BF /* ShellScript */ = {
			isa = PBXShellScriptBuildPhase;
			buildActionMask = 2147483647;
			files = (
			);
			inputPaths = (
			);
			outputPaths = (
			);
			runOnlyForDeploymentPostprocessing = 0;
			shellPath = /bin/sh;
			shellScript = "\"$PODS_ROOT/R.swift/rswift\" generate \"$SRCROOT/Weather/Resources\"";
		};
		B5840FAB92FFC22A3D943094 /* [CP] Embed Pods Frameworks */ = {
			isa = PBXShellScriptBuildPhase;
			buildActionMask = 2147483647;
			files = (
			);
			inputPaths = (
			);
			name = "[CP] Embed Pods Frameworks";
			outputPaths = (
			);
			runOnlyForDeploymentPostprocessing = 0;
			shellPath = /bin/sh;
			shellScript = "\"${SRCROOT}/Pods/Target Support Files/Pods-WeatherUITests/Pods-WeatherUITests-frameworks.sh\"\n";
			showEnvVarsInLog = 0;
		};
		E49D79A99D6A3CD5F775D9EF /* [CP] Check Pods Manifest.lock */ = {
			isa = PBXShellScriptBuildPhase;
			buildActionMask = 2147483647;
			files = (
			);
			inputPaths = (
				"${PODS_PODFILE_DIR_PATH}/Podfile.lock",
				"${PODS_ROOT}/Manifest.lock",
			);
			name = "[CP] Check Pods Manifest.lock";
			outputPaths = (
				"$(DERIVED_FILE_DIR)/Pods-WeatherTests-checkManifestLockResult.txt",
			);
			runOnlyForDeploymentPostprocessing = 0;
			shellPath = /bin/sh;
			shellScript = "diff \"${PODS_PODFILE_DIR_PATH}/Podfile.lock\" \"${PODS_ROOT}/Manifest.lock\" > /dev/null\nif [ $? != 0 ] ; then\n    # print error to STDERR\n    echo \"error: The sandbox is not in sync with the Podfile.lock. Run 'pod install' or update your CocoaPods installation.\" >&2\n    exit 1\nfi\n# This output is used by Xcode 'outputs' to avoid re-running this script phase.\necho \"SUCCESS\" > \"${SCRIPT_OUTPUT_FILE_0}\"\n";
			showEnvVarsInLog = 0;
		};
		F2373145C8185DDD0F63AE13 /* [CP] Check Pods Manifest.lock */ = {
			isa = PBXShellScriptBuildPhase;
			buildActionMask = 2147483647;
			files = (
			);
			inputPaths = (
				"${PODS_PODFILE_DIR_PATH}/Podfile.lock",
				"${PODS_ROOT}/Manifest.lock",
			);
			name = "[CP] Check Pods Manifest.lock";
			outputPaths = (
				"$(DERIVED_FILE_DIR)/Pods-WeatherUITests-checkManifestLockResult.txt",
			);
			runOnlyForDeploymentPostprocessing = 0;
			shellPath = /bin/sh;
			shellScript = "diff \"${PODS_PODFILE_DIR_PATH}/Podfile.lock\" \"${PODS_ROOT}/Manifest.lock\" > /dev/null\nif [ $? != 0 ] ; then\n    # print error to STDERR\n    echo \"error: The sandbox is not in sync with the Podfile.lock. Run 'pod install' or update your CocoaPods installation.\" >&2\n    exit 1\nfi\n# This output is used by Xcode 'outputs' to avoid re-running this script phase.\necho \"SUCCESS\" > \"${SCRIPT_OUTPUT_FILE_0}\"\n";
			showEnvVarsInLog = 0;
		};
/* End PBXShellScriptBuildPhase section */

/* Begin PBXSourcesBuildPhase section */
		5536149C201C4BCC00A839BF /* Sources */ = {
			isa = PBXSourcesBuildPhase;
			buildActionMask = 2147483647;
			files = (
				553614A6201C4BCC00A839BF /* ViewController.swift in Sources */,
				553614A4201C4BCC00A839BF /* AppDelegate.swift in Sources */,
				553614D5201C654200A839BF /* R.generated.swift in Sources */,
			);
			runOnlyForDeploymentPostprocessing = 0;
		};
		553614B0201C4BCC00A839BF /* Sources */ = {
			isa = PBXSourcesBuildPhase;
			buildActionMask = 2147483647;
			files = (
				553614B9201C4BCC00A839BF /* WeatherTests.swift in Sources */,
			);
			runOnlyForDeploymentPostprocessing = 0;
		};
		553614BB201C4BCC00A839BF /* Sources */ = {
			isa = PBXSourcesBuildPhase;
			buildActionMask = 2147483647;
			files = (
				553614C4201C4BCC00A839BF /* WeatherUITests.swift in Sources */,
			);
			runOnlyForDeploymentPostprocessing = 0;
		};
/* End PBXSourcesBuildPhase section */

/* Begin PBXTargetDependency section */
		553614B6201C4BCC00A839BF /* PBXTargetDependency */ = {
			isa = PBXTargetDependency;
			target = 5536149F201C4BCC00A839BF /* Weather */;
			targetProxy = 553614B5201C4BCC00A839BF /* PBXContainerItemProxy */;
		};
		553614C1201C4BCC00A839BF /* PBXTargetDependency */ = {
			isa = PBXTargetDependency;
			target = 5536149F201C4BCC00A839BF /* Weather */;
			targetProxy = 553614C0201C4BCC00A839BF /* PBXContainerItemProxy */;
		};
/* End PBXTargetDependency section */

/* Begin PBXVariantGroup section */
		553614A7201C4BCC00A839BF /* Main.storyboard */ = {
			isa = PBXVariantGroup;
			children = (
				553614A8201C4BCC00A839BF /* Base */,
			);
			name = Main.storyboard;
			sourceTree = "<group>";
		};
		553614AC201C4BCC00A839BF /* LaunchScreen.storyboard */ = {
			isa = PBXVariantGroup;
			children = (
				553614AD201C4BCC00A839BF /* Base */,
			);
			name = LaunchScreen.storyboard;
			sourceTree = "<group>";
		};
/* End PBXVariantGroup section */

/* Begin XCBuildConfiguration section */
		553614C6201C4BCC00A839BF /* Debug */ = {
			isa = XCBuildConfiguration;
			buildSettings = {
				ALWAYS_SEARCH_USER_PATHS = NO;
				CLANG_ANALYZER_NONNULL = YES;
				CLANG_ANALYZER_NUMBER_OBJECT_CONVERSION = YES_AGGRESSIVE;
				CLANG_CXX_LANGUAGE_STANDARD = "gnu++14";
				CLANG_CXX_LIBRARY = "libc++";
				CLANG_ENABLE_MODULES = YES;
				CLANG_ENABLE_OBJC_ARC = YES;
				CLANG_WARN_BLOCK_CAPTURE_AUTORELEASING = YES;
				CLANG_WARN_BOOL_CONVERSION = YES;
				CLANG_WARN_COMMA = YES;
				CLANG_WARN_CONSTANT_CONVERSION = YES;
				CLANG_WARN_DIRECT_OBJC_ISA_USAGE = YES_ERROR;
				CLANG_WARN_DOCUMENTATION_COMMENTS = YES;
				CLANG_WARN_EMPTY_BODY = YES;
				CLANG_WARN_ENUM_CONVERSION = YES;
				CLANG_WARN_INFINITE_RECURSION = YES;
				CLANG_WARN_INT_CONVERSION = YES;
				CLANG_WARN_NON_LITERAL_NULL_CONVERSION = YES;
				CLANG_WARN_OBJC_LITERAL_CONVERSION = YES;
				CLANG_WARN_OBJC_ROOT_CLASS = YES_ERROR;
				CLANG_WARN_RANGE_LOOP_ANALYSIS = YES;
				CLANG_WARN_STRICT_PROTOTYPES = YES;
				CLANG_WARN_SUSPICIOUS_MOVE = YES;
				CLANG_WARN_UNGUARDED_AVAILABILITY = YES_AGGRESSIVE;
				CLANG_WARN_UNREACHABLE_CODE = YES;
				CLANG_WARN__DUPLICATE_METHOD_MATCH = YES;
				CODE_SIGN_IDENTITY = "iPhone Developer";
				COPY_PHASE_STRIP = NO;
				DEBUG_INFORMATION_FORMAT = dwarf;
				ENABLE_STRICT_OBJC_MSGSEND = YES;
				ENABLE_TESTABILITY = YES;
				GCC_C_LANGUAGE_STANDARD = gnu11;
				GCC_DYNAMIC_NO_PIC = NO;
				GCC_NO_COMMON_BLOCKS = YES;
				GCC_OPTIMIZATION_LEVEL = 0;
				GCC_PREPROCESSOR_DEFINITIONS = (
					"DEBUG=1",
					"$(inherited)",
				);
				GCC_WARN_64_TO_32_BIT_CONVERSION = YES;
				GCC_WARN_ABOUT_RETURN_TYPE = YES_ERROR;
				GCC_WARN_UNDECLARED_SELECTOR = YES;
				GCC_WARN_UNINITIALIZED_AUTOS = YES_AGGRESSIVE;
				GCC_WARN_UNUSED_FUNCTION = YES;
				GCC_WARN_UNUSED_VARIABLE = YES;
				IPHONEOS_DEPLOYMENT_TARGET = 11.2;
				MTL_ENABLE_DEBUG_INFO = YES;
				ONLY_ACTIVE_ARCH = YES;
				SDKROOT = iphoneos;
				SWIFT_ACTIVE_COMPILATION_CONDITIONS = DEBUG;
				SWIFT_OPTIMIZATION_LEVEL = "-Onone";
			};
			name = Debug;
		};
		553614C7201C4BCC00A839BF /* Release */ = {
			isa = XCBuildConfiguration;
			buildSettings = {
				ALWAYS_SEARCH_USER_PATHS = NO;
				CLANG_ANALYZER_NONNULL = YES;
				CLANG_ANALYZER_NUMBER_OBJECT_CONVERSION = YES_AGGRESSIVE;
				CLANG_CXX_LANGUAGE_STANDARD = "gnu++14";
				CLANG_CXX_LIBRARY = "libc++";
				CLANG_ENABLE_MODULES = YES;
				CLANG_ENABLE_OBJC_ARC = YES;
				CLANG_WARN_BLOCK_CAPTURE_AUTORELEASING = YES;
				CLANG_WARN_BOOL_CONVERSION = YES;
				CLANG_WARN_COMMA = YES;
				CLANG_WARN_CONSTANT_CONVERSION = YES;
				CLANG_WARN_DIRECT_OBJC_ISA_USAGE = YES_ERROR;
				CLANG_WARN_DOCUMENTATION_COMMENTS = YES;
				CLANG_WARN_EMPTY_BODY = YES;
				CLANG_WARN_ENUM_CONVERSION = YES;
				CLANG_WARN_INFINITE_RECURSION = YES;
				CLANG_WARN_INT_CONVERSION = YES;
				CLANG_WARN_NON_LITERAL_NULL_CONVERSION = YES;
				CLANG_WARN_OBJC_LITERAL_CONVERSION = YES;
				CLANG_WARN_OBJC_ROOT_CLASS = YES_ERROR;
				CLANG_WARN_RANGE_LOOP_ANALYSIS = YES;
				CLANG_WARN_STRICT_PROTOTYPES = YES;
				CLANG_WARN_SUSPICIOUS_MOVE = YES;
				CLANG_WARN_UNGUARDED_AVAILABILITY = YES_AGGRESSIVE;
				CLANG_WARN_UNREACHABLE_CODE = YES;
				CLANG_WARN__DUPLICATE_METHOD_MATCH = YES;
				CODE_SIGN_IDENTITY = "iPhone Developer";
				COPY_PHASE_STRIP = NO;
				DEBUG_INFORMATION_FORMAT = "dwarf-with-dsym";
				ENABLE_NS_ASSERTIONS = NO;
				ENABLE_STRICT_OBJC_MSGSEND = YES;
				GCC_C_LANGUAGE_STANDARD = gnu11;
				GCC_NO_COMMON_BLOCKS = YES;
				GCC_WARN_64_TO_32_BIT_CONVERSION = YES;
				GCC_WARN_ABOUT_RETURN_TYPE = YES_ERROR;
				GCC_WARN_UNDECLARED_SELECTOR = YES;
				GCC_WARN_UNINITIALIZED_AUTOS = YES_AGGRESSIVE;
				GCC_WARN_UNUSED_FUNCTION = YES;
				GCC_WARN_UNUSED_VARIABLE = YES;
				IPHONEOS_DEPLOYMENT_TARGET = 11.2;
				MTL_ENABLE_DEBUG_INFO = NO;
				SDKROOT = iphoneos;
				SWIFT_OPTIMIZATION_LEVEL = "-Owholemodule";
				VALIDATE_PRODUCT = YES;
			};
			name = Release;
		};
		553614C9201C4BCC00A839BF /* Debug */ = {
			isa = XCBuildConfiguration;
			baseConfigurationReference = 24B10230B408BD29ADE87E20 /* Pods-Weather.debug.xcconfig */;
			buildSettings = {
				ASSETCATALOG_COMPILER_APPICON_NAME = AppIcon;
				CODE_SIGN_STYLE = Automatic;
				DEVELOPMENT_TEAM = TFX84C976L;
				INFOPLIST_FILE = Weather/Info.plist;
				LD_RUNPATH_SEARCH_PATHS = "$(inherited) @executable_path/Frameworks";
				PRODUCT_BUNDLE_IDENTIFIER = com.dlut.wzy.Weather;
				PRODUCT_NAME = "$(TARGET_NAME)";
				SWIFT_VERSION = 4.0;
				TARGETED_DEVICE_FAMILY = "1,2";
			};
			name = Debug;
		};
		553614CA201C4BCC00A839BF /* Release */ = {
			isa = XCBuildConfiguration;
			baseConfigurationReference = AE64938A98278C9E00A80673 /* Pods-Weather.release.xcconfig */;
			buildSettings = {
				ASSETCATALOG_COMPILER_APPICON_NAME = AppIcon;
				CODE_SIGN_STYLE = Automatic;
				DEVELOPMENT_TEAM = TFX84C976L;
				INFOPLIST_FILE = Weather/Info.plist;
				LD_RUNPATH_SEARCH_PATHS = "$(inherited) @executable_path/Frameworks";
				PRODUCT_BUNDLE_IDENTIFIER = com.dlut.wzy.Weather;
				PRODUCT_NAME = "$(TARGET_NAME)";
				SWIFT_VERSION = 4.0;
				TARGETED_DEVICE_FAMILY = "1,2";
			};
			name = Release;
		};
		553614CC201C4BCC00A839BF /* Debug */ = {
			isa = XCBuildConfiguration;
			baseConfigurationReference = 11CF318B5458BA8642A2F89E /* Pods-WeatherTests.debug.xcconfig */;
			buildSettings = {
				ALWAYS_EMBED_SWIFT_STANDARD_LIBRARIES = YES;
				BUNDLE_LOADER = "$(TEST_HOST)";
				CODE_SIGN_STYLE = Automatic;
				DEVELOPMENT_TEAM = TFX84C976L;
				INFOPLIST_FILE = WeatherTests/Info.plist;
				LD_RUNPATH_SEARCH_PATHS = "$(inherited) @executable_path/Frameworks @loader_path/Frameworks";
				PRODUCT_BUNDLE_IDENTIFIER = com.dlut.wzy.WeatherTests;
				PRODUCT_NAME = "$(TARGET_NAME)";
				SWIFT_VERSION = 4.0;
				TARGETED_DEVICE_FAMILY = "1,2";
				TEST_HOST = "$(BUILT_PRODUCTS_DIR)/Weather.app/Weather";
			};
			name = Debug;
		};
		553614CD201C4BCC00A839BF /* Release */ = {
			isa = XCBuildConfiguration;
			baseConfigurationReference = 39ABD39BEECE2137DE738AE4 /* Pods-WeatherTests.release.xcconfig */;
			buildSettings = {
				ALWAYS_EMBED_SWIFT_STANDARD_LIBRARIES = YES;
				BUNDLE_LOADER = "$(TEST_HOST)";
				CODE_SIGN_STYLE = Automatic;
				DEVELOPMENT_TEAM = TFX84C976L;
				INFOPLIST_FILE = WeatherTests/Info.plist;
				LD_RUNPATH_SEARCH_PATHS = "$(inherited) @executable_path/Frameworks @loader_path/Frameworks";
				PRODUCT_BUNDLE_IDENTIFIER = com.dlut.wzy.WeatherTests;
				PRODUCT_NAME = "$(TARGET_NAME)";
				SWIFT_VERSION = 4.0;
				TARGETED_DEVICE_FAMILY = "1,2";
				TEST_HOST = "$(BUILT_PRODUCTS_DIR)/Weather.app/Weather";
			};
			name = Release;
		};
		553614CF201C4BCC00A839BF /* Debug */ = {
			isa = XCBuildConfiguration;
			baseConfigurationReference = CFB597D07F82BA62B3380088 /* Pods-WeatherUITests.debug.xcconfig */;
			buildSettings = {
				ALWAYS_EMBED_SWIFT_STANDARD_LIBRARIES = YES;
				CODE_SIGN_STYLE = Automatic;
				DEVELOPMENT_TEAM = TFX84C976L;
				INFOPLIST_FILE = WeatherUITests/Info.plist;
				LD_RUNPATH_SEARCH_PATHS = "$(inherited) @executable_path/Frameworks @loader_path/Frameworks";
				PRODUCT_BUNDLE_IDENTIFIER = com.dlut.wzy.WeatherUITests;
				PRODUCT_NAME = "$(TARGET_NAME)";
				SWIFT_VERSION = 4.0;
				TARGETED_DEVICE_FAMILY = "1,2";
				TEST_TARGET_NAME = Weather;
			};
			name = Debug;
		};
		553614D0201C4BCC00A839BF /* Release */ = {
			isa = XCBuildConfiguration;
			baseConfigurationReference = 384C60ECF2CEBBEBFAE83FE0 /* Pods-WeatherUITests.release.xcconfig */;
			buildSettings = {
				ALWAYS_EMBED_SWIFT_STANDARD_LIBRARIES = YES;
				CODE_SIGN_STYLE = Automatic;
				DEVELOPMENT_TEAM = TFX84C976L;
				INFOPLIST_FILE = WeatherUITests/Info.plist;
				LD_RUNPATH_SEARCH_PATHS = "$(inherited) @executable_path/Frameworks @loader_path/Frameworks";
				PRODUCT_BUNDLE_IDENTIFIER = com.dlut.wzy.WeatherUITests;
				PRODUCT_NAME = "$(TARGET_NAME)";
				SWIFT_VERSION = 4.0;
				TARGETED_DEVICE_FAMILY = "1,2";
				TEST_TARGET_NAME = Weather;
			};
			name = Release;
		};
/* End XCBuildConfiguration section */

/* Begin XCConfigurationList section */
		5536149B201C4BCC00A839BF /* Build configuration list for PBXProject "Weather" */ = {
			isa = XCConfigurationList;
			buildConfigurations = (
				553614C6201C4BCC00A839BF /* Debug */,
				553614C7201C4BCC00A839BF /* Release */,
			);
			defaultConfigurationIsVisible = 0;
			defaultConfigurationName = Release;
		};
		553614C8201C4BCC00A839BF /* Build configuration list for PBXNativeTarget "Weather" */ = {
			isa = XCConfigurationList;
			buildConfigurations = (
				553614C9201C4BCC00A839BF /* Debug */,
				553614CA201C4BCC00A839BF /* Release */,
			);
			defaultConfigurationIsVisible = 0;
			defaultConfigurationName = Release;
		};
		553614CB201C4BCC00A839BF /* Build configuration list for PBXNativeTarget "WeatherTests" */ = {
			isa = XCConfigurationList;
			buildConfigurations = (
				553614CC201C4BCC00A839BF /* Debug */,
				553614CD201C4BCC00A839BF /* Release */,
			);
			defaultConfigurationIsVisible = 0;
			defaultConfigurationName = Release;
		};
		553614CE201C4BCC00A839BF /* Build configuration list for PBXNativeTarget "WeatherUITests" */ = {
			isa = XCConfigurationList;
			buildConfigurations = (
				553614CF201C4BCC00A839BF /* Debug */,
				553614D0201C4BCC00A839BF /* Release */,
			);
			defaultConfigurationIsVisible = 0;
			defaultConfigurationName = Release;
		};
/* End XCConfigurationList section */
	};
	rootObject = 55361498201C4BCC00A839BF /* Project object */;
}
