// !$*UTF8*$!
{
	archiveVersion = 1;
	classes = {
	};
	objectVersion = 48;
	objects = {

/* Begin PBXBuildFile section */
		553614A4201C4BCC00A839BF /* AppDelegate.swift in Sources */ = {isa = PBXBuildFile; fileRef = 553614A3201C4BCC00A839BF /* AppDelegate.swift */; };
		553614AB201C4BCC00A839BF /* Assets.xcassets in Resources */ = {isa = PBXBuildFile; fileRef = 553614AA201C4BCC00A839BF /* Assets.xcassets */; };
		553614AE201C4BCC00A839BF /* LaunchScreen.storyboard in Resources */ = {isa = PBXBuildFile; fileRef = 553614AC201C4BCC00A839BF /* LaunchScreen.storyboard */; };
		553614B9201C4BCC00A839BF /* WeatherTests.swift in Sources */ = {isa = PBXBuildFile; fileRef = 553614B8201C4BCC00A839BF /* WeatherTests.swift */; };
		553614C4201C4BCC00A839BF /* WeatherUITests.swift in Sources */ = {isa = PBXBuildFile; fileRef = 553614C3201C4BCC00A839BF /* WeatherUITests.swift */; };
		553614D5201C654200A839BF /* R.generated.swift in Sources */ = {isa = PBXBuildFile; fileRef = 553614D4201C654200A839BF /* R.generated.swift */; };
		556D8D9420A1DA1B00A6FEEC /* API_KEY in Resources */ = {isa = PBXBuildFile; fileRef = 556D8D9320A1DA1B00A6FEEC /* API_KEY */; };
		5EE0582709ED3F9C01A4F781 /* Pods_WeatherTests.framework in Frameworks */ = {isa = PBXBuildFile; fileRef = 4E2DFCF25A2C0336F302F2FA /* Pods_WeatherTests.framework */; };
		67551709FD9E174D52E63C49 /* Pods_WeatherUITests.framework in Frameworks */ = {isa = PBXBuildFile; fileRef = DAC8B7CAC8E40B11FB66FE31 /* Pods_WeatherUITests.framework */; };
		880A530F209FF3F400528A1C /* Config.swift in Sources */ = {isa = PBXBuildFile; fileRef = 880A530E209FF3F400528A1C /* Config.swift */; };
		880A5315209FF55400528A1C /* MainViewController.swift in Sources */ = {isa = PBXBuildFile; fileRef = 880A5314209FF55400528A1C /* MainViewController.swift */; };
		880A5318209FF5B900528A1C /* Default-568h@2x.png in Resources */ = {isa = PBXBuildFile; fileRef = 880A5317209FF5B900528A1C /* Default-568h@2x.png */; };
		880A531B20A056D300528A1C /* Climacons.ttf in Resources */ = {isa = PBXBuildFile; fileRef = 880A531A20A056D300528A1C /* Climacons.ttf */; };
		880A531D20A0571100528A1C /* Climacons.swift in Sources */ = {isa = PBXBuildFile; fileRef = 880A531C20A0571100528A1C /* Climacons.swift */; };
		880A531F20A1342D00528A1C /* FutureCollectionViewCell.swift in Sources */ = {isa = PBXBuildFile; fileRef = 880A531E20A1342D00528A1C /* FutureCollectionViewCell.swift */; };
		880A532420A1779000528A1C /* UIColor+RGB.swift in Sources */ = {isa = PBXBuildFile; fileRef = 880A532320A1779000528A1C /* UIColor+RGB.swift */; };
		880A532920A1905F00528A1C /* FutureCollectionViewCellModel.swift in Sources */ = {isa = PBXBuildFile; fileRef = 880A532820A1905F00528A1C /* FutureCollectionViewCellModel.swift */; };
		880A532C20A192E300528A1C /* ConditionColorType.swift in Sources */ = {isa = PBXBuildFile; fileRef = 880A532B20A192E300528A1C /* ConditionColorType.swift */; };
		880A532E20A1AA1800528A1C /* ForecastRouter.swift in Sources */ = {isa = PBXBuildFile; fileRef = 880A532D20A1AA1800528A1C /* ForecastRouter.swift */; };
		880A533020A1AA7700528A1C /* Alamofire+JsonModel.swift in Sources */ = {isa = PBXBuildFile; fileRef = 880A532F20A1AA7700528A1C /* Alamofire+JsonModel.swift */; };
		880A533220A1AAB700528A1C /* ForecastRequest.swift in Sources */ = {isa = PBXBuildFile; fileRef = 880A533120A1AAB700528A1C /* ForecastRequest.swift */; };
		889261C520A1B1DC0057AF2C /* Forecast.swift in Sources */ = {isa = PBXBuildFile; fileRef = 889261C420A1B1DC0057AF2C /* Forecast.swift */; };
		E60B3F5C058C52FCDDCAC1A8 /* Pods_Weather.framework in Frameworks */ = {isa = PBXBuildFile; fileRef = 54D836198608E85BD7ECE33A /* Pods_Weather.framework */; };
/* End PBXBuildFile section */

/* Begin PBXContainerItemProxy section */
		553614B5201C4BCC00A839BF /* PBXContainerItemProxy */ = {
			isa = PBXContainerItemProxy;
			containerPortal = 55361498201C4BCC00A839BF /* Project object */;
			proxyType = 1;
			remoteGlobalIDString = 5536149F201C4BCC00A839BF;
			remoteInfo = Weather;
		};
		553614C0201C4BCC00A839BF /* PBXContainerItemProxy */ = {
			isa = PBXContainerItemProxy;
			containerPortal = 55361498201C4BCC00A839BF /* Project object */;
			proxyType = 1;
			remoteGlobalIDString = 5536149F201C4BCC00A839BF;
			remoteInfo = Weather;
		};
/* End PBXContainerItemProxy section */

/* Begin PBXFileReference section */
		11CF318B5458BA8642A2F89E /* Pods-WeatherTests.debug.xcconfig */ = {isa = PBXFileReference; includeInIndex = 1; lastKnownFileType = text.xcconfig; name = "Pods-WeatherTests.debug.xcconfig"; path = "Pods/Target Support Files/Pods-WeatherTests/Pods-WeatherTests.debug.xcconfig"; sourceTree = "<group>"; };
		24B10230B408BD29ADE87E20 /* Pods-Weather.debug.xcconfig */ = {isa = PBXFileReference; includeInIndex = 1; lastKnownFileType = text.xcconfig; name = "Pods-Weather.debug.xcconfig"; path = "Pods/Target Support Files/Pods-Weather/Pods-Weather.debug.xcconfig"; sourceTree = "<group>"; };
		384C60ECF2CEBBEBFAE83FE0 /* Pods-WeatherUITests.release.xcconfig */ = {isa = PBXFileReference; includeInIndex = 1; lastKnownFileType = text.xcconfig; name = "Pods-WeatherUITests.release.xcconfig"; path = "Pods/Target Support Files/Pods-WeatherUITests/Pods-WeatherUITests.release.xcconfig"; sourceTree = "<group>"; };
		39ABD39BEECE2137DE738AE4 /* Pods-WeatherTests.release.xcconfig */ = {isa = PBXFileReference; includeInIndex = 1; lastKnownFileType = text.xcconfig; name = "Pods-WeatherTests.release.xcconfig"; path = "Pods/Target Support Files/Pods-WeatherTests/Pods-WeatherTests.release.xcconfig"; sourceTree = "<group>"; };
		4E2DFCF25A2C0336F302F2FA /* Pods_WeatherTests.framework */ = {isa = PBXFileReference; explicitFileType = wrapper.framework; includeInIndex = 0; path = Pods_WeatherTests.framework; sourceTree = BUILT_PRODUCTS_DIR; };
		54D836198608E85BD7ECE33A /* Pods_Weather.framework */ = {isa = PBXFileReference; explicitFileType = wrapper.framework; includeInIndex = 0; path = Pods_Weather.framework; sourceTree = BUILT_PRODUCTS_DIR; };
		553614A0201C4BCC00A839BF /* Weather.app */ = {isa = PBXFileReference; explicitFileType = wrapper.application; includeInIndex = 0; path = Weather.app; sourceTree = BUILT_PRODUCTS_DIR; };
		553614A3201C4BCC00A839BF /* AppDelegate.swift */ = {isa = PBXFileReference; lastKnownFileType = sourcecode.swift; path = AppDelegate.swift; sourceTree = "<group>"; };
		553614AA201C4BCC00A839BF /* Assets.xcassets */ = {isa = PBXFileReference; lastKnownFileType = folder.assetcatalog; path = Assets.xcassets; sourceTree = "<group>"; };
		553614AD201C4BCC00A839BF /* Base */ = {isa = PBXFileReference; lastKnownFileType = file.storyboard; name = Base; path = Base.lproj/LaunchScreen.storyboard; sourceTree = "<group>"; };
		553614AF201C4BCC00A839BF /* Info.plist */ = {isa = PBXFileReference; lastKnownFileType = text.plist.xml; path = Info.plist; sourceTree = "<group>"; };
		553614B4201C4BCC00A839BF /* WeatherTests.xctest */ = {isa = PBXFileReference; explicitFileType = wrapper.cfbundle; includeInIndex = 0; path = WeatherTests.xctest; sourceTree = BUILT_PRODUCTS_DIR; };
		553614B8201C4BCC00A839BF /* WeatherTests.swift */ = {isa = PBXFileReference; lastKnownFileType = sourcecode.swift; path = WeatherTests.swift; sourceTree = "<group>"; };
		553614BA201C4BCC00A839BF /* Info.plist */ = {isa = PBXFileReference; lastKnownFileType = text.plist.xml; path = Info.plist; sourceTree = "<group>"; };
		553614BF201C4BCC00A839BF /* WeatherUITests.xctest */ = {isa = PBXFileReference; explicitFileType = wrapper.cfbundle; includeInIndex = 0; path = WeatherUITests.xctest; sourceTree = BUILT_PRODUCTS_DIR; };
		553614C3201C4BCC00A839BF /* WeatherUITests.swift */ = {isa = PBXFileReference; lastKnownFileType = sourcecode.swift; path = WeatherUITests.swift; sourceTree = "<group>"; };
		553614C5201C4BCC00A839BF /* Info.plist */ = {isa = PBXFileReference; lastKnownFileType = text.plist.xml; path = Info.plist; sourceTree = "<group>"; };
		553614D4201C654200A839BF /* R.generated.swift */ = {isa = PBXFileReference; fileEncoding = 4; lastKnownFileType = sourcecode.swift; path = R.generated.swift; sourceTree = "<group>"; };
		556D8D9320A1DA1B00A6FEEC /* API_KEY */ = {isa = PBXFileReference; lastKnownFileType = text; path = API_KEY; sourceTree = "<group>"; };
		880A530E209FF3F400528A1C /* Config.swift */ = {isa = PBXFileReference; lastKnownFileType = sourcecode.swift; path = Config.swift; sourceTree = "<group>"; };
		880A5314209FF55400528A1C /* MainViewController.swift */ = {isa = PBXFileReference; lastKnownFileType = sourcecode.swift; path = MainViewController.swift; sourceTree = "<group>"; };
		880A5317209FF5B900528A1C /* Default-568h@2x.png */ = {isa = PBXFileReference; lastKnownFileType = image.png; path = "Default-568h@2x.png"; sourceTree = "<group>"; };
		880A531A20A056D300528A1C /* Climacons.ttf */ = {isa = PBXFileReference; lastKnownFileType = file; path = Climacons.ttf; sourceTree = "<group>"; };
		880A531C20A0571100528A1C /* Climacons.swift */ = {isa = PBXFileReference; lastKnownFileType = sourcecode.swift; path = Climacons.swift; sourceTree = "<group>"; };
		880A531E20A1342D00528A1C /* FutureCollectionViewCell.swift */ = {isa = PBXFileReference; lastKnownFileType = sourcecode.swift; path = FutureCollectionViewCell.swift; sourceTree = "<group>"; };
		880A532320A1779000528A1C /* UIColor+RGB.swift */ = {isa = PBXFileReference; lastKnownFileType = sourcecode.swift; path = "UIColor+RGB.swift"; sourceTree = "<group>"; };
		880A532820A1905F00528A1C /* FutureCollectionViewCellModel.swift */ = {isa = PBXFileReference; lastKnownFileType = sourcecode.swift; path = FutureCollectionViewCellModel.swift; sourceTree = "<group>"; };
		880A532B20A192E300528A1C /* ConditionColorType.swift */ = {isa = PBXFileReference; lastKnownFileType = sourcecode.swift; path = ConditionColorType.swift; sourceTree = "<group>"; };
		880A532D20A1AA1800528A1C /* ForecastRouter.swift */ = {isa = PBXFileReference; lastKnownFileType = sourcecode.swift; path = ForecastRouter.swift; sourceTree = "<group>"; };
		880A532F20A1AA7700528A1C /* Alamofire+JsonModel.swift */ = {isa = PBXFileReference; lastKnownFileType = sourcecode.swift; path = "Alamofire+JsonModel.swift"; sourceTree = "<group>"; };
		880A533120A1AAB700528A1C /* ForecastRequest.swift */ = {isa = PBXFileReference; lastKnownFileType = sourcecode.swift; path = ForecastRequest.swift; sourceTree = "<group>"; };
		889261C420A1B1DC0057AF2C /* Forecast.swift */ = {isa = PBXFileReference; lastKnownFileType = sourcecode.swift; path = Forecast.swift; sourceTree = "<group>"; };
		AE64938A98278C9E00A80673 /* Pods-Weather.release.xcconfig */ = {isa = PBXFileReference; includeInIndex = 1; lastKnownFileType = text.xcconfig; name = "Pods-Weather.release.xcconfig"; path = "Pods/Target Support Files/Pods-Weather/Pods-Weather.release.xcconfig"; sourceTree = "<group>"; };
		CFB597D07F82BA62B3380088 /* Pods-WeatherUITests.debug.xcconfig */ = {isa = PBXFileReference; includeInIndex = 1; lastKnownFileType = text.xcconfig; name = "Pods-WeatherUITests.debug.xcconfig"; path = "Pods/Target Support Files/Pods-WeatherUITests/Pods-WeatherUITests.debug.xcconfig"; sourceTree = "<group>"; };
		DAC8B7CAC8E40B11FB66FE31 /* Pods_WeatherUITests.framework */ = {isa = PBXFileReference; explicitFileType = wrapper.framework; includeInIndex = 0; path = Pods_WeatherUITests.framework; sourceTree = BUILT_PRODUCTS_DIR; };
/* End PBXFileReference section */

/* Begin PBXFrameworksBuildPhase section */
		5536149D201C4BCC00A839BF /* Frameworks */ = {
			isa = PBXFrameworksBuildPhase;
			buildActionMask = 2147483647;
			files = (
				E60B3F5C058C52FCDDCAC1A8 /* Pods_Weather.framework in Frameworks */,
			);
			runOnlyForDeploymentPostprocessing = 0;
		};
		553614B1201C4BCC00A839BF /* Frameworks */ = {
			isa = PBXFrameworksBuildPhase;
			buildActionMask = 2147483647;
			files = (
				5EE0582709ED3F9C01A4F781 /* Pods_WeatherTests.framework in Frameworks */,
			);
			runOnlyForDeploymentPostprocessing = 0;
		};
		553614BC201C4BCC00A839BF /* Frameworks */ = {
			isa = PBXFrameworksBuildPhase;
			buildActionMask = 2147483647;
			files = (
				67551709FD9E174D52E63C49 /* Pods_WeatherUITests.framework in Frameworks */,
			);
			runOnlyForDeploymentPostprocessing = 0;
		};
/* End PBXFrameworksBuildPhase section */

/* Begin PBXGroup section */
		2D66A9BEB0A6D430CC5EB439 /* Pods */ = {
			isa = PBXGroup;
			children = (
				24B10230B408BD29ADE87E20 /* Pods-Weather.debug.xcconfig */,
				AE64938A98278C9E00A80673 /* Pods-Weather.release.xcconfig */,
				11CF318B5458BA8642A2F89E /* Pods-WeatherTests.debug.xcconfig */,
				39ABD39BEECE2137DE738AE4 /* Pods-WeatherTests.release.xcconfig */,
				CFB597D07F82BA62B3380088 /* Pods-WeatherUITests.debug.xcconfig */,
				384C60ECF2CEBBEBFAE83FE0 /* Pods-WeatherUITests.release.xcconfig */,
			);
			name = Pods;
			sourceTree = "<group>";
		};
		55361497201C4BCC00A839BF = {
			isa = PBXGroup;
			children = (
				880A5317209FF5B900528A1C /* Default-568h@2x.png */,
				553614A2201C4BCC00A839BF /* Weather */,
				553614B7201C4BCC00A839BF /* WeatherTests */,
				553614C2201C4BCC00A839BF /* WeatherUITests */,
				553614A1201C4BCC00A839BF /* Products */,
				2D66A9BEB0A6D430CC5EB439 /* Pods */,
				578393930462FB7608EC9120 /* Frameworks */,
			);
			sourceTree = "<group>";
		};
		553614A1201C4BCC00A839BF /* Products */ = {
			isa = PBXGroup;
			children = (
				553614A0201C4BCC00A839BF /* Weather.app */,
				553614B4201C4BCC00A839BF /* WeatherTests.xctest */,
				553614BF201C4BCC00A839BF /* WeatherUITests.xctest */,
			);
			name = Products;
			sourceTree = "<group>";
		};
		553614A2201C4BCC00A839BF /* Weather */ = {
			isa = PBXGroup;
			children = (
				880A530D209FF3E500528A1C /* Config */,
				880A531920A056C200528A1C /* Extension */,
				880A5310209FF4E200528A1C /* Network */,
				880A532720A1904A00528A1C /* Model */,
				553614D3201C606A00A839BF /* UI */,
				880A5316209FF58100528A1C /* AppDeledate */,
				553614D2201C5FF800A839BF /* Resources */,
			);
			path = Weather;
			sourceTree = "<group>";
		};
		553614B7201C4BCC00A839BF /* WeatherTests */ = {
			isa = PBXGroup;
			children = (
				553614B8201C4BCC00A839BF /* WeatherTests.swift */,
				553614BA201C4BCC00A839BF /* Info.plist */,
			);
			path = WeatherTests;
			sourceTree = "<group>";
		};
		553614C2201C4BCC00A839BF /* WeatherUITests */ = {
			isa = PBXGroup;
			children = (
				553614C3201C4BCC00A839BF /* WeatherUITests.swift */,
				553614C5201C4BCC00A839BF /* Info.plist */,
			);
			path = WeatherUITests;
			sourceTree = "<group>";
		};
		553614D2201C5FF800A839BF /* Resources */ = {
			isa = PBXGroup;
			children = (
				556D8D9220A1D9F000A6FEEC /* Files */,
				556D8D9120A1D9E300A6FEEC /* Fonts */,
				553614AA201C4BCC00A839BF /* Assets.xcassets */,
				553614AC201C4BCC00A839BF /* LaunchScreen.storyboard */,
				553614D4201C654200A839BF /* R.generated.swift */,
				553614AF201C4BCC00A839BF /* Info.plist */,
			);
			path = Resources;
			sourceTree = "<group>";
		};
		553614D3201C606A00A839BF /* UI */ = {
			isa = PBXGroup;
			children = (
				880A5313209FF52900528A1C /* Controller */,
				880A5312209FF51A00528A1C /* View */,
			);
			path = UI;
			sourceTree = "<group>";
		};
		556D8D9120A1D9E300A6FEEC /* Fonts */ = {
			isa = PBXGroup;
			children = (
				880A531A20A056D300528A1C /* Climacons.ttf */,
			);
			path = Fonts;
			sourceTree = "<group>";
		};
		556D8D9220A1D9F000A6FEEC /* Files */ = {
			isa = PBXGroup;
			children = (
				556D8D9320A1DA1B00A6FEEC /* API_KEY */,
			);
			path = Files;
			sourceTree = "<group>";
		};
		578393930462FB7608EC9120 /* Frameworks */ = {
			isa = PBXGroup;
			children = (
				54D836198608E85BD7ECE33A /* Pods_Weather.framework */,
				4E2DFCF25A2C0336F302F2FA /* Pods_WeatherTests.framework */,
				DAC8B7CAC8E40B11FB66FE31 /* Pods_WeatherUITests.framework */,
			);
			name = Frameworks;
			sourceTree = "<group>";
		};
		880A530D209FF3E500528A1C /* Config */ = {
			isa = PBXGroup;
			children = (
				880A530E209FF3F400528A1C /* Config.swift */,
			);
			path = Config;
			sourceTree = "<group>";
		};
		880A5310209FF4E200528A1C /* Network */ = {
			isa = PBXGroup;
			children = (
				880A532D20A1AA1800528A1C /* ForecastRouter.swift */,
				880A533120A1AAB700528A1C /* ForecastRequest.swift */,
			);
			path = Network;
			sourceTree = "<group>";
		};
		880A5312209FF51A00528A1C /* View */ = {
			isa = PBXGroup;
			children = (
				880A531E20A1342D00528A1C /* FutureCollectionViewCell.swift */,
			);
			path = View;
			sourceTree = "<group>";
		};
		880A5313209FF52900528A1C /* Controller */ = {
			isa = PBXGroup;
			children = (
				880A5314209FF55400528A1C /* MainViewController.swift */,
			);
			path = Controller;
			sourceTree = "<group>";
		};
		880A5316209FF58100528A1C /* AppDeledate */ = {
			isa = PBXGroup;
			children = (
				553614A3201C4BCC00A839BF /* AppDelegate.swift */,
			);
			path = AppDeledate;
			sourceTree = "<group>";
		};
		880A531920A056C200528A1C /* Extension */ = {
			isa = PBXGroup;
			children = (
				880A531C20A0571100528A1C /* Climacons.swift */,
				880A532320A1779000528A1C /* UIColor+RGB.swift */,
				880A532F20A1AA7700528A1C /* Alamofire+JsonModel.swift */,
			);
			path = Extension;
			sourceTree = "<group>";
		};
		880A532720A1904A00528A1C /* Model */ = {
			isa = PBXGroup;
			children = (
				889261C320A1B1B90057AF2C /* ForecastModel */,
				889261C220A1B1AB0057AF2C /* CellModel */,
				880A532A20A1922600528A1C /* Enum */,
			);
			path = Model;
			sourceTree = "<group>";
		};
		880A532A20A1922600528A1C /* Enum */ = {
			isa = PBXGroup;
			children = (
				880A532B20A192E300528A1C /* ConditionColorType.swift */,
			);
			path = Enum;
			sourceTree = "<group>";
		};
		889261C220A1B1AB0057AF2C /* CellModel */ = {
			isa = PBXGroup;
			children = (
				880A532820A1905F00528A1C /* FutureCollectionViewCellModel.swift */,
			);
			path = CellModel;
			sourceTree = "<group>";
		};
		889261C320A1B1B90057AF2C /* ForecastModel */ = {
			isa = PBXGroup;
			children = (
				889261C420A1B1DC0057AF2C /* Forecast.swift */,
			);
			path = ForecastModel;
			sourceTree = "<group>";
		};
/* End PBXGroup section */

/* Begin PBXNativeTarget section */
		5536149F201C4BCC00A839BF /* Weather */ = {
			isa = PBXNativeTarget;
			buildConfigurationList = 553614C8201C4BCC00A839BF /* Build configuration list for PBXNativeTarget "Weather" */;
			buildPhases = (
				16A3D5E490C74936C8ED8A0D /* [CP] Check Pods Manifest.lock */,
				553614D1201C5BFA00A839BF /* ShellScript */,
				5536149C201C4BCC00A839BF /* Sources */,
				5536149D201C4BCC00A839BF /* Frameworks */,
				5536149E201C4BCC00A839BF /* Resources */,
				484E7E66F1BA0885C051F674 /* [CP] Embed Pods Frameworks */,
			);
			buildRules = (
			);
			dependencies = (
			);
			name = Weather;
			productName = Weather;
			productReference = 553614A0201C4BCC00A839BF /* Weather.app */;
			productType = "com.apple.product-type.application";
		};
		553614B3201C4BCC00A839BF /* WeatherTests */ = {
			isa = PBXNativeTarget;
			buildConfigurationList = 553614CB201C4BCC00A839BF /* Build configuration list for PBXNativeTarget "WeatherTests" */;
			buildPhases = (
				E49D79A99D6A3CD5F775D9EF /* [CP] Check Pods Manifest.lock */,
				553614B0201C4BCC00A839BF /* Sources */,
				553614B1201C4BCC00A839BF /* Frameworks */,
				553614B2201C4BCC00A839BF /* Resources */,
				243129C687985ABB75F3C39D /* [CP] Embed Pods Frameworks */,
			);
			buildRules = (
			);
			dependencies = (
				553614B6201C4BCC00A839BF /* PBXTargetDependency */,
			);
			name = WeatherTests;
			productName = WeatherTests;
			productReference = 553614B4201C4BCC00A839BF /* WeatherTests.xctest */;
			productType = "com.apple.product-type.bundle.unit-test";
		};
		553614BE201C4BCC00A839BF /* WeatherUITests */ = {
			isa = PBXNativeTarget;
			buildConfigurationList = 553614CE201C4BCC00A839BF /* Build configuration list for PBXNativeTarget "WeatherUITests" */;
			buildPhases = (
				F2373145C8185DDD0F63AE13 /* [CP] Check Pods Manifest.lock */,
				553614BB201C4BCC00A839BF /* Sources */,
				553614BC201C4BCC00A839BF /* Frameworks */,
				553614BD201C4BCC00A839BF /* Resources */,
			);
			buildRules = (
			);
			dependencies = (
				553614C1201C4BCC00A839BF /* PBXTargetDependency */,
			);
			name = WeatherUITests;
			productName = WeatherUITests;
			productReference = 553614BF201C4BCC00A839BF /* WeatherUITests.xctest */;
			productType = "com.apple.product-type.bundle.ui-testing";
		};
/* End PBXNativeTarget section */

/* Begin PBXProject section */
		55361498201C4BCC00A839BF /* Project object */ = {
			isa = PBXProject;
			attributes = {
				LastSwiftUpdateCheck = 0920;
				LastUpgradeCheck = 0920;
				ORGANIZATIONNAME = iMac;
				TargetAttributes = {
					5536149F201C4BCC00A839BF = {
						CreatedOnToolsVersion = 9.2;
						ProvisioningStyle = Manual;
					};
					553614B3201C4BCC00A839BF = {
						CreatedOnToolsVersion = 9.2;
						ProvisioningStyle = Automatic;
						TestTargetID = 5536149F201C4BCC00A839BF;
					};
					553614BE201C4BCC00A839BF = {
						CreatedOnToolsVersion = 9.2;
						ProvisioningStyle = Automatic;
						TestTargetID = 5536149F201C4BCC00A839BF;
					};
				};
			};
			buildConfigurationList = 5536149B201C4BCC00A839BF /* Build configuration list for PBXProject "Weather" */;
			compatibilityVersion = "Xcode 8.0";
			developmentRegion = en;
			hasScannedForEncodings = 0;
			knownRegions = (
				en,
				Base,
			);
			mainGroup = 55361497201C4BCC00A839BF;
			productRefGroup = 553614A1201C4BCC00A839BF /* Products */;
			projectDirPath = "";
			projectRoot = "";
			targets = (
				5536149F201C4BCC00A839BF /* Weather */,
				553614B3201C4BCC00A839BF /* WeatherTests */,
				553614BE201C4BCC00A839BF /* WeatherUITests */,
			);
		};
/* End PBXProject section */

/* Begin PBXResourcesBuildPhase section */
		5536149E201C4BCC00A839BF /* Resources */ = {
			isa = PBXResourcesBuildPhase;
			buildActionMask = 2147483647;
			files = (
				556D8D9420A1DA1B00A6FEEC /* API_KEY in Resources */,
				553614AE201C4BCC00A839BF /* LaunchScreen.storyboard in Resources */,
				880A5318209FF5B900528A1C /* Default-568h@2x.png in Resources */,
				880A531B20A056D300528A1C /* Climacons.ttf in Resources */,
				553614AB201C4BCC00A839BF /* Assets.xcassets in Resources */,
			);
			runOnlyForDeploymentPostprocessing = 0;
		};
		553614B2201C4BCC00A839BF /* Resources */ = {
			isa = PBXResourcesBuildPhase;
			buildActionMask = 2147483647;
			files = (
			);
			runOnlyForDeploymentPostprocessing = 0;
		};
		553614BD201C4BCC00A839BF /* Resources */ = {
			isa = PBXResourcesBuildPhase;
			buildActionMask = 2147483647;
			files = (
			);
			runOnlyForDeploymentPostprocessing = 0;
		};
/* End PBXResourcesBuildPhase section */

/* Begin PBXShellScriptBuildPhase section */
		16A3D5E490C74936C8ED8A0D /* [CP] Check Pods Manifest.lock */ = {
			isa = PBXShellScriptBuildPhase;
			buildActionMask = 2147483647;
			files = (
			);
			inputPaths = (
				"${PODS_PODFILE_DIR_PATH}/Podfile.lock",
				"${PODS_ROOT}/Manifest.lock",
			);
			name = "[CP] Check Pods Manifest.lock";
			outputPaths = (
				"$(DERIVED_FILE_DIR)/Pods-Weather-checkManifestLockResult.txt",
			);
			runOnlyForDeploymentPostprocessing = 0;
			shellPath = /bin/sh;
			shellScript = "diff \"${PODS_PODFILE_DIR_PATH}/Podfile.lock\" \"${PODS_ROOT}/Manifest.lock\" > /dev/null\nif [ $? != 0 ] ; then\n    # print error to STDERR\n    echo \"error: The sandbox is not in sync with the Podfile.lock. Run 'pod install' or update your CocoaPods installation.\" >&2\n    exit 1\nfi\n# This output is used by Xcode 'outputs' to avoid re-running this script phase.\necho \"SUCCESS\" > \"${SCRIPT_OUTPUT_FILE_0}\"\n";
			showEnvVarsInLog = 0;
		};
		243129C687985ABB75F3C39D /* [CP] Embed Pods Frameworks */ = {
			isa = PBXShellScriptBuildPhase;
			buildActionMask = 2147483647;
			files = (
			);
			inputPaths = (
				"${SRCROOT}/Pods/Target Support Files/Pods-WeatherTests/Pods-WeatherTests-frameworks.sh",
				"${BUILT_PRODUCTS_DIR}/RxSwift/RxSwift.framework",
				"${BUILT_PRODUCTS_DIR}/RxBlocking/RxBlocking.framework",
				"${BUILT_PRODUCTS_DIR}/RxTest/RxTest.framework",
			);
			name = "[CP] Embed Pods Frameworks";
			outputPaths = (
				"${TARGET_BUILD_DIR}/${FRAMEWORKS_FOLDER_PATH}/RxSwift.framework",
				"${TARGET_BUILD_DIR}/${FRAMEWORKS_FOLDER_PATH}/RxBlocking.framework",
				"${TARGET_BUILD_DIR}/${FRAMEWORKS_FOLDER_PATH}/RxTest.framework",
			);
			runOnlyForDeploymentPostprocessing = 0;
			shellPath = /bin/sh;
			shellScript = "\"${SRCROOT}/Pods/Target Support Files/Pods-WeatherTests/Pods-WeatherTests-frameworks.sh\"\n";
			showEnvVarsInLog = 0;
		};
		484E7E66F1BA0885C051F674 /* [CP] Embed Pods Frameworks */ = {
			isa = PBXShellScriptBuildPhase;
			buildActionMask = 2147483647;
			files = (
			);
			inputPaths = (
				"${SRCROOT}/Pods/Target Support Files/Pods-Weather/Pods-Weather-frameworks.sh",
				"${BUILT_PRODUCTS_DIR}/Alamofire/Alamofire.framework",
				"${BUILT_PRODUCTS_DIR}/ForecastIO/ForecastIO.framework",
				"${BUILT_PRODUCTS_DIR}/MJRefresh/MJRefresh.framework",
				"${BUILT_PRODUCTS_DIR}/R.swift.Library/Rswift.framework",
				"${BUILT_PRODUCTS_DIR}/RxCocoa/RxCocoa.framework",
				"${BUILT_PRODUCTS_DIR}/RxSwift/RxSwift.framework",
				"${BUILT_PRODUCTS_DIR}/SnapKit/SnapKit.framework",
			);
			name = "[CP] Embed Pods Frameworks";
			outputPaths = (
				"${TARGET_BUILD_DIR}/${FRAMEWORKS_FOLDER_PATH}/Alamofire.framework",
				"${TARGET_BUILD_DIR}/${FRAMEWORKS_FOLDER_PATH}/ForecastIO.framework",
				"${TARGET_BUILD_DIR}/${FRAMEWORKS_FOLDER_PATH}/MJRefresh.framework",
				"${TARGET_BUILD_DIR}/${FRAMEWORKS_FOLDER_PATH}/Rswift.framework",
				"${TARGET_BUILD_DIR}/${FRAMEWORKS_FOLDER_PATH}/RxCocoa.framework",
				"${TARGET_BUILD_DIR}/${FRAMEWORKS_FOLDER_PATH}/RxSwift.framework",
				"${TARGET_BUILD_DIR}/${FRAMEWORKS_FOLDER_PATH}/SnapKit.framework",
			);
			runOnlyForDeploymentPostprocessing = 0;
			shellPath = /bin/sh;
			shellScript = "\"${SRCROOT}/Pods/Target Support Files/Pods-Weather/Pods-Weather-frameworks.sh\"\n";
			showEnvVarsInLog = 0;
		};
		553614D1201C5BFA00A839BF /* ShellScript */ = {
			isa = PBXShellScriptBuildPhase;
			buildActionMask = 2147483647;
			files = (
			);
			inputPaths = (
			);
			outputPaths = (
			);
			runOnlyForDeploymentPostprocessing = 0;
			shellPath = /bin/sh;
			shellScript = "\"$PODS_ROOT/R.swift/rswift\" generate \"$SRCROOT/Weather/Resources\"";
		};
		E49D79A99D6A3CD5F775D9EF /* [CP] Check Pods Manifest.lock */ = {
			isa = PBXShellScriptBuildPhase;
			buildActionMask = 2147483647;
			files = (
			);
			inputPaths = (
				"${PODS_PODFILE_DIR_PATH}/Podfile.lock",
				"${PODS_ROOT}/Manifest.lock",
			);
			name = "[CP] Check Pods Manifest.lock";
			outputPaths = (
				"$(DERIVED_FILE_DIR)/Pods-WeatherTests-checkManifestLockResult.txt",
			);
			runOnlyForDeploymentPostprocessing = 0;
			shellPath = /bin/sh;
			shellScript = "diff \"${PODS_PODFILE_DIR_PATH}/Podfile.lock\" \"${PODS_ROOT}/Manifest.lock\" > /dev/null\nif [ $? != 0 ] ; then\n    # print error to STDERR\n    echo \"error: The sandbox is not in sync with the Podfile.lock. Run 'pod install' or update your CocoaPods installation.\" >&2\n    exit 1\nfi\n# This output is used by Xcode 'outputs' to avoid re-running this script phase.\necho \"SUCCESS\" > \"${SCRIPT_OUTPUT_FILE_0}\"\n";
			showEnvVarsInLog = 0;
		};
		F2373145C8185DDD0F63AE13 /* [CP] Check Pods Manifest.lock */ = {
			isa = PBXShellScriptBuildPhase;
			buildActionMask = 2147483647;
			files = (
			);
			inputPaths = (
				"${PODS_PODFILE_DIR_PATH}/Podfile.lock",
				"${PODS_ROOT}/Manifest.lock",
			);
			name = "[CP] Check Pods Manifest.lock";
			outputPaths = (
				"$(DERIVED_FILE_DIR)/Pods-WeatherUITests-checkManifestLockResult.txt",
			);
			runOnlyForDeploymentPostprocessing = 0;
			shellPath = /bin/sh;
			shellScript = "diff \"${PODS_PODFILE_DIR_PATH}/Podfile.lock\" \"${PODS_ROOT}/Manifest.lock\" > /dev/null\nif [ $? != 0 ] ; then\n    # print error to STDERR\n    echo \"error: The sandbox is not in sync with the Podfile.lock. Run 'pod install' or update your CocoaPods installation.\" >&2\n    exit 1\nfi\n# This output is used by Xcode 'outputs' to avoid re-running this script phase.\necho \"SUCCESS\" > \"${SCRIPT_OUTPUT_FILE_0}\"\n";
			showEnvVarsInLog = 0;
		};
/* End PBXShellScriptBuildPhase section */

/* Begin PBXSourcesBuildPhase section */
		5536149C201C4BCC00A839BF /* Sources */ = {
			isa = PBXSourcesBuildPhase;
			buildActionMask = 2147483647;
			files = (
				880A533220A1AAB700528A1C /* ForecastRequest.swift in Sources */,
				880A530F209FF3F400528A1C /* Config.swift in Sources */,
				880A532920A1905F00528A1C /* FutureCollectionViewCellModel.swift in Sources */,
				880A532420A1779000528A1C /* UIColor+RGB.swift in Sources */,
				553614A4201C4BCC00A839BF /* AppDelegate.swift in Sources */,
				553614D5201C654200A839BF /* R.generated.swift in Sources */,
				880A532E20A1AA1800528A1C /* ForecastRouter.swift in Sources */,
				889261C520A1B1DC0057AF2C /* Forecast.swift in Sources */,
				880A531F20A1342D00528A1C /* FutureCollectionViewCell.swift in Sources */,
				880A533020A1AA7700528A1C /* Alamofire+JsonModel.swift in Sources */,
				880A531D20A0571100528A1C /* Climacons.swift in Sources */,
				880A5315209FF55400528A1C /* MainViewController.swift in Sources */,
				880A532C20A192E300528A1C /* ConditionColorType.swift in Sources */,
			);
			runOnlyForDeploymentPostprocessing = 0;
		};
		553614B0201C4BCC00A839BF /* Sources */ = {
			isa = PBXSourcesBuildPhase;
			buildActionMask = 2147483647;
			files = (
				553614B9201C4BCC00A839BF /* WeatherTests.swift in Sources */,
			);
			runOnlyForDeploymentPostprocessing = 0;
		};
		553614BB201C4BCC00A839BF /* Sources */ = {
			isa = PBXSourcesBuildPhase;
			buildActionMask = 2147483647;
			files = (
				553614C4201C4BCC00A839BF /* WeatherUITests.swift in Sources */,
			);
			runOnlyForDeploymentPostprocessing = 0;
		};
/* End PBXSourcesBuildPhase section */

/* Begin PBXTargetDependency section */
		553614B6201C4BCC00A839BF /* PBXTargetDependency */ = {
			isa = PBXTargetDependency;
			target = 5536149F201C4BCC00A839BF /* Weather */;
			targetProxy = 553614B5201C4BCC00A839BF /* PBXContainerItemProxy */;
		};
		553614C1201C4BCC00A839BF /* PBXTargetDependency */ = {
			isa = PBXTargetDependency;
			target = 5536149F201C4BCC00A839BF /* Weather */;
			targetProxy = 553614C0201C4BCC00A839BF /* PBXContainerItemProxy */;
		};
/* End PBXTargetDependency section */

/* Begin PBXVariantGroup section */
		553614AC201C4BCC00A839BF /* LaunchScreen.storyboard */ = {
			isa = PBXVariantGroup;
			children = (
				553614AD201C4BCC00A839BF /* Base */,
			);
			name = LaunchScreen.storyboard;
			sourceTree = "<group>";
		};
/* End PBXVariantGroup section */

/* Begin XCBuildConfiguration section */
		553614C6201C4BCC00A839BF /* Debug */ = {
			isa = XCBuildConfiguration;
			buildSettings = {
				ALWAYS_SEARCH_USER_PATHS = NO;
				CLANG_ANALYZER_NONNULL = YES;
				CLANG_ANALYZER_NUMBER_OBJECT_CONVERSION = YES_AGGRESSIVE;
				CLANG_CXX_LANGUAGE_STANDARD = "gnu++14";
				CLANG_CXX_LIBRARY = "libc++";
				CLANG_ENABLE_MODULES = YES;
				CLANG_ENABLE_OBJC_ARC = YES;
				CLANG_WARN_BLOCK_CAPTURE_AUTORELEASING = YES;
				CLANG_WARN_BOOL_CONVERSION = YES;
				CLANG_WARN_COMMA = YES;
				CLANG_WARN_CONSTANT_CONVERSION = YES;
				CLANG_WARN_DIRECT_OBJC_ISA_USAGE = YES_ERROR;
				CLANG_WARN_DOCUMENTATION_COMMENTS = YES;
				CLANG_WARN_EMPTY_BODY = YES;
				CLANG_WARN_ENUM_CONVERSION = YES;
				CLANG_WARN_INFINITE_RECURSION = YES;
				CLANG_WARN_INT_CONVERSION = YES;
				CLANG_WARN_NON_LITERAL_NULL_CONVERSION = YES;
				CLANG_WARN_OBJC_LITERAL_CONVERSION = YES;
				CLANG_WARN_OBJC_ROOT_CLASS = YES_ERROR;
				CLANG_WARN_RANGE_LOOP_ANALYSIS = YES;
				CLANG_WARN_STRICT_PROTOTYPES = YES;
				CLANG_WARN_SUSPICIOUS_MOVE = YES;
				CLANG_WARN_UNGUARDED_AVAILABILITY = YES_AGGRESSIVE;
				CLANG_WARN_UNREACHABLE_CODE = YES;
				CLANG_WARN__DUPLICATE_METHOD_MATCH = YES;
				CODE_SIGN_IDENTITY = "iPhone Developer";
				COPY_PHASE_STRIP = NO;
				DEBUG_INFORMATION_FORMAT = dwarf;
				ENABLE_STRICT_OBJC_MSGSEND = YES;
				ENABLE_TESTABILITY = YES;
				GCC_C_LANGUAGE_STANDARD = gnu11;
				GCC_DYNAMIC_NO_PIC = NO;
				GCC_NO_COMMON_BLOCKS = YES;
				GCC_OPTIMIZATION_LEVEL = 0;
				GCC_PREPROCESSOR_DEFINITIONS = (
					"DEBUG=1",
					"$(inherited)",
				);
				GCC_WARN_64_TO_32_BIT_CONVERSION = YES;
				GCC_WARN_ABOUT_RETURN_TYPE = YES_ERROR;
				GCC_WARN_UNDECLARED_SELECTOR = YES;
				GCC_WARN_UNINITIALIZED_AUTOS = YES_AGGRESSIVE;
				GCC_WARN_UNUSED_FUNCTION = YES;
				GCC_WARN_UNUSED_VARIABLE = YES;
				IPHONEOS_DEPLOYMENT_TARGET = 9.0;
				MTL_ENABLE_DEBUG_INFO = YES;
				ONLY_ACTIVE_ARCH = YES;
				SDKROOT = iphoneos;
				SWIFT_ACTIVE_COMPILATION_CONDITIONS = DEBUG;
				SWIFT_OPTIMIZATION_LEVEL = "-Onone";
			};
			name = Debug;
		};
		553614C7201C4BCC00A839BF /* Release */ = {
			isa = XCBuildConfiguration;
			buildSettings = {
				ALWAYS_SEARCH_USER_PATHS = NO;
				CLANG_ANALYZER_NONNULL = YES;
				CLANG_ANALYZER_NUMBER_OBJECT_CONVERSION = YES_AGGRESSIVE;
				CLANG_CXX_LANGUAGE_STANDARD = "gnu++14";
				CLANG_CXX_LIBRARY = "libc++";
				CLANG_ENABLE_MODULES = YES;
				CLANG_ENABLE_OBJC_ARC = YES;
				CLANG_WARN_BLOCK_CAPTURE_AUTORELEASING = YES;
				CLANG_WARN_BOOL_CONVERSION = YES;
				CLANG_WARN_COMMA = YES;
				CLANG_WARN_CONSTANT_CONVERSION = YES;
				CLANG_WARN_DIRECT_OBJC_ISA_USAGE = YES_ERROR;
				CLANG_WARN_DOCUMENTATION_COMMENTS = YES;
				CLANG_WARN_EMPTY_BODY = YES;
				CLANG_WARN_ENUM_CONVERSION = YES;
				CLANG_WARN_INFINITE_RECURSION = YES;
				CLANG_WARN_INT_CONVERSION = YES;
				CLANG_WARN_NON_LITERAL_NULL_CONVERSION = YES;
				CLANG_WARN_OBJC_LITERAL_CONVERSION = YES;
				CLANG_WARN_OBJC_ROOT_CLASS = YES_ERROR;
				CLANG_WARN_RANGE_LOOP_ANALYSIS = YES;
				CLANG_WARN_STRICT_PROTOTYPES = YES;
				CLANG_WARN_SUSPICIOUS_MOVE = YES;
				CLANG_WARN_UNGUARDED_AVAILABILITY = YES_AGGRESSIVE;
				CLANG_WARN_UNREACHABLE_CODE = YES;
				CLANG_WARN__DUPLICATE_METHOD_MATCH = YES;
				CODE_SIGN_IDENTITY = "iPhone Developer";
				COPY_PHASE_STRIP = NO;
				DEBUG_INFORMATION_FORMAT = "dwarf-with-dsym";
				ENABLE_NS_ASSERTIONS = NO;
				ENABLE_STRICT_OBJC_MSGSEND = YES;
				GCC_C_LANGUAGE_STANDARD = gnu11;
				GCC_NO_COMMON_BLOCKS = YES;
				GCC_WARN_64_TO_32_BIT_CONVERSION = YES;
				GCC_WARN_ABOUT_RETURN_TYPE = YES_ERROR;
				GCC_WARN_UNDECLARED_SELECTOR = YES;
				GCC_WARN_UNINITIALIZED_AUTOS = YES_AGGRESSIVE;
				GCC_WARN_UNUSED_FUNCTION = YES;
				GCC_WARN_UNUSED_VARIABLE = YES;
				IPHONEOS_DEPLOYMENT_TARGET = 9.0;
				MTL_ENABLE_DEBUG_INFO = NO;
				SDKROOT = iphoneos;
				SWIFT_OPTIMIZATION_LEVEL = "-Owholemodule";
				VALIDATE_PRODUCT = YES;
			};
			name = Release;
		};
		553614C9201C4BCC00A839BF /* Debug */ = {
			isa = XCBuildConfiguration;
			baseConfigurationReference = 24B10230B408BD29ADE87E20 /* Pods-Weather.debug.xcconfig */;
			buildSettings = {
				ASSETCATALOG_COMPILER_APPICON_NAME = AppIcon;
				CODE_SIGN_STYLE = Manual;
				DEVELOPMENT_TEAM = "";
				INFOPLIST_FILE = "$(SRCROOT)/Weather/Resources/Info.plist";
				IPHONEOS_DEPLOYMENT_TARGET = 9.0;
				LD_RUNPATH_SEARCH_PATHS = "$(inherited) @executable_path/Frameworks";
				PRODUCT_BUNDLE_IDENTIFIER = com.dlut.wzy.Weather;
				PRODUCT_NAME = "$(TARGET_NAME)";
				PROVISIONING_PROFILE_SPECIFIER = "";
				SWIFT_VERSION = 4.0;
				TARGETED_DEVICE_FAMILY = "1,2";
			};
			name = Debug;
		};
		553614CA201C4BCC00A839BF /* Release */ = {
			isa = XCBuildConfiguration;
			baseConfigurationReference = AE64938A98278C9E00A80673 /* Pods-Weather.release.xcconfig */;
			buildSettings = {
				ASSETCATALOG_COMPILER_APPICON_NAME = AppIcon;
				CODE_SIGN_STYLE = Manual;
				DEVELOPMENT_TEAM = "";
				INFOPLIST_FILE = "$(SRCROOT)/Weather/Resources/Info.plist";
				IPHONEOS_DEPLOYMENT_TARGET = 9.0;
				LD_RUNPATH_SEARCH_PATHS = "$(inherited) @executable_path/Frameworks";
				PRODUCT_BUNDLE_IDENTIFIER = com.dlut.wzy.Weather;
				PRODUCT_NAME = "$(TARGET_NAME)";
				PROVISIONING_PROFILE_SPECIFIER = "";
				SWIFT_VERSION = 4.0;
				TARGETED_DEVICE_FAMILY = "1,2";
			};
			name = Release;
		};
		553614CC201C4BCC00A839BF /* Debug */ = {
			isa = XCBuildConfiguration;
			baseConfigurationReference = 11CF318B5458BA8642A2F89E /* Pods-WeatherTests.debug.xcconfig */;
			buildSettings = {
				ALWAYS_EMBED_SWIFT_STANDARD_LIBRARIES = YES;
				BUNDLE_LOADER = "$(TEST_HOST)";
				CODE_SIGN_STYLE = Automatic;
				DEVELOPMENT_TEAM = TFX84C976L;
				INFOPLIST_FILE = WeatherTests/Info.plist;
				LD_RUNPATH_SEARCH_PATHS = "$(inherited) @executable_path/Frameworks @loader_path/Frameworks";
				PRODUCT_BUNDLE_IDENTIFIER = com.dlut.wzy.WeatherTests;
				PRODUCT_NAME = "$(TARGET_NAME)";
				SWIFT_VERSION = 4.0;
				TARGETED_DEVICE_FAMILY = "1,2";
				TEST_HOST = "$(BUILT_PRODUCTS_DIR)/Weather.app/Weather";
			};
			name = Debug;
		};
		553614CD201C4BCC00A839BF /* Release */ = {
			isa = XCBuildConfiguration;
			baseConfigurationReference = 39ABD39BEECE2137DE738AE4 /* Pods-WeatherTests.release.xcconfig */;
			buildSettings = {
				ALWAYS_EMBED_SWIFT_STANDARD_LIBRARIES = YES;
				BUNDLE_LOADER = "$(TEST_HOST)";
				CODE_SIGN_STYLE = Automatic;
				DEVELOPMENT_TEAM = TFX84C976L;
				INFOPLIST_FILE = WeatherTests/Info.plist;
				LD_RUNPATH_SEARCH_PATHS = "$(inherited) @executable_path/Frameworks @loader_path/Frameworks";
				PRODUCT_BUNDLE_IDENTIFIER = com.dlut.wzy.WeatherTests;
				PRODUCT_NAME = "$(TARGET_NAME)";
				SWIFT_VERSION = 4.0;
				TARGETED_DEVICE_FAMILY = "1,2";
				TEST_HOST = "$(BUILT_PRODUCTS_DIR)/Weather.app/Weather";
			};
			name = Release;
		};
		553614CF201C4BCC00A839BF /* Debug */ = {
			isa = XCBuildConfiguration;
			baseConfigurationReference = CFB597D07F82BA62B3380088 /* Pods-WeatherUITests.debug.xcconfig */;
			buildSettings = {
				ALWAYS_EMBED_SWIFT_STANDARD_LIBRARIES = YES;
				CODE_SIGN_STYLE = Automatic;
				DEVELOPMENT_TEAM = TFX84C976L;
				INFOPLIST_FILE = WeatherUITests/Info.plist;
				LD_RUNPATH_SEARCH_PATHS = "$(inherited) @executable_path/Frameworks @loader_path/Frameworks";
				PRODUCT_BUNDLE_IDENTIFIER = com.dlut.wzy.WeatherUITests;
				PRODUCT_NAME = "$(TARGET_NAME)";
				SWIFT_VERSION = 4.0;
				TARGETED_DEVICE_FAMILY = "1,2";
				TEST_TARGET_NAME = Weather;
			};
			name = Debug;
		};
		553614D0201C4BCC00A839BF /* Release */ = {
			isa = XCBuildConfiguration;
			baseConfigurationReference = 384C60ECF2CEBBEBFAE83FE0 /* Pods-WeatherUITests.release.xcconfig */;
			buildSettings = {
				ALWAYS_EMBED_SWIFT_STANDARD_LIBRARIES = YES;
				CODE_SIGN_STYLE = Automatic;
				DEVELOPMENT_TEAM = TFX84C976L;
				INFOPLIST_FILE = WeatherUITests/Info.plist;
				LD_RUNPATH_SEARCH_PATHS = "$(inherited) @executable_path/Frameworks @loader_path/Frameworks";
				PRODUCT_BUNDLE_IDENTIFIER = com.dlut.wzy.WeatherUITests;
				PRODUCT_NAME = "$(TARGET_NAME)";
				SWIFT_VERSION = 4.0;
				TARGETED_DEVICE_FAMILY = "1,2";
				TEST_TARGET_NAME = Weather;
			};
			name = Release;
		};
/* End XCBuildConfiguration section */

/* Begin XCConfigurationList section */
		5536149B201C4BCC00A839BF /* Build configuration list for PBXProject "Weather" */ = {
			isa = XCConfigurationList;
			buildConfigurations = (
				553614C6201C4BCC00A839BF /* Debug */,
				553614C7201C4BCC00A839BF /* Release */,
			);
			defaultConfigurationIsVisible = 0;
			defaultConfigurationName = Release;
		};
		553614C8201C4BCC00A839BF /* Build configuration list for PBXNativeTarget "Weather" */ = {
			isa = XCConfigurationList;
			buildConfigurations = (
				553614C9201C4BCC00A839BF /* Debug */,
				553614CA201C4BCC00A839BF /* Release */,
			);
			defaultConfigurationIsVisible = 0;
			defaultConfigurationName = Release;
		};
		553614CB201C4BCC00A839BF /* Build configuration list for PBXNativeTarget "WeatherTests" */ = {
			isa = XCConfigurationList;
			buildConfigurations = (
				553614CC201C4BCC00A839BF /* Debug */,
				553614CD201C4BCC00A839BF /* Release */,
			);
			defaultConfigurationIsVisible = 0;
			defaultConfigurationName = Release;
		};
		553614CE201C4BCC00A839BF /* Build configuration list for PBXNativeTarget "WeatherUITests" */ = {
			isa = XCConfigurationList;
			buildConfigurations = (
				553614CF201C4BCC00A839BF /* Debug */,
				553614D0201C4BCC00A839BF /* Release */,
			);
			defaultConfigurationIsVisible = 0;
			defaultConfigurationName = Release;
		};
/* End XCConfigurationList section */
	};
	rootObject = 55361498201C4BCC00A839BF /* Project object */;
}
